
Microsoft Visual Studio Solution File, Format Version 12.00
# Visual Studio 2012
Project("{FAE04EC0-301F-11D3-BF4B-00C04F79EFBC}") = "testAngularJS", "testAngularJS\testAngularJS.csproj", "{8ABA4106-E1EA-4A34-9570-8F39E8E155E7}"
EndProject
Global
	GlobalSection(SolutionConfigurationPlatforms) = preSolution
		Debug|Any CPU = Debug|Any CPU
		Release|Any CPU = Release|Any CPU
	EndGlobalSection
	GlobalSection(ProjectConfigurationPlatforms) = postSolution
		{8ABA4106-E1EA-4A34-9570-8F39E8E155E7}.Debug|Any CPU.ActiveCfg = Debug|Any CPU
		{8ABA4106-E1EA-4A34-9570-8F39E8E155E7}.Debug|Any CPU.Build.0 = Debug|Any CPU
		{8ABA4106-E1EA-4A34-9570-8F39E8E155E7}.Release|Any CPU.ActiveCfg = Release|Any CPU
		{8ABA4106-E1EA-4A34-9570-8F39E8E155E7}.Release|Any CPU.Build.0 = Release|Any CPU
	EndGlobalSection
	GlobalSection(SolutionProperties) = preSolution
		HideSolutionNode = FALSE
	EndGlobalSection
EndGlobal
