
Microsoft Visual Studio Solution File, Format Version 12.00
# Visual Studio 2012
Project("{FAE04EC0-301F-11D3-BF4B-00C04F79EFBC}") = "MyOwnAngularJsProj", "MyOwnAngularJsProj\MyOwnAngularJsProj.csproj", "{B48E19D6-A0A1-4F40-A86B-D9568354DFBC}"
EndProject
Global
	GlobalSection(SolutionConfigurationPlatforms) = preSolution
		Debug|Any CPU = Debug|Any CPU
		Release|Any CPU = Release|Any CPU
	EndGlobalSection
	GlobalSection(ProjectConfigurationPlatforms) = postSolution
		{B48E19D6-A0A1-4F40-A86B-D9568354DFBC}.Debug|Any CPU.ActiveCfg = Debug|Any CPU
		{B48E19D6-A0A1-4F40-A86B-D9568354DFBC}.Debug|Any CPU.Build.0 = Debug|Any CPU
		{B48E19D6-A0A1-4F40-A86B-D9568354DFBC}.Release|Any CPU.ActiveCfg = Release|Any CPU
		{B48E19D6-A0A1-4F40-A86B-D9568354DFBC}.Release|Any CPU.Build.0 = Release|Any CPU
	EndGlobalSection
	GlobalSection(SolutionProperties) = preSolution
		HideSolutionNode = FALSE
	EndGlobalSection
EndGlobal
